
Microsoft Visual Studio Solution File, Format Version 11.00
# Visual C++ Express 2010
Project("{8BC9CEB8-8B4A-11D0-8D11-00A0C91BC942}") = "GuitarEffectVST", "..\GuitarEffectVST\GuitarEffectVST.vcxproj", "{F4642DE7-E6F4-48DA-B270-103B38A7D3CC}"
EndProject
Global
	GlobalSection(SolutionConfigurationPlatforms) = preSolution
		Debug|Win32 = Debug|Win32
		Release|Win32 = Release|Win32
	EndGlobalSection
	GlobalSection(ProjectConfigurationPlatforms) = postSolution
		{F4642DE7-E6F4-48DA-B270-103B38A7D3CC}.Debug|Win32.ActiveCfg = Debug|Win32
		{F4642DE7-E6F4-48DA-B270-103B38A7D3CC}.Debug|Win32.Build.0 = Debug|Win32
		{F4642DE7-E6F4-48DA-B270-103B38A7D3CC}.Release|Win32.ActiveCfg = Release|Win32
		{F4642DE7-E6F4-48DA-B270-103B38A7D3CC}.Release|Win32.Build.0 = Release|Win32
	EndGlobalSection
	GlobalSection(SolutionProperties) = preSolution
		HideSolutionNode = FALSE
	EndGlobalSection
EndGlobal
